
Microsoft Visual Studio Solution File, Format Version 12.00
# Visual Studio Version 16
VisualStudioVersion = 16.0.31005.135
MinimumVisualStudioVersion = 10.0.40219.1
Project("{FAE04EC0-301F-11D3-BF4B-00C04F79EFBC}") = "S1_1", "S1_1\S1_1.csproj", "{007CBE1F-37D3-49EB-B7CD-DB6EA8368A62}"
EndProject
Global
	GlobalSection(SolutionConfigurationPlatforms) = preSolution
		Debug|Any CPU = Debug|Any CPU
		Release|Any CPU = Release|Any CPU
	EndGlobalSection
	GlobalSection(ProjectConfigurationPlatforms) = postSolution
		{007CBE1F-37D3-49EB-B7CD-DB6EA8368A62}.Debug|Any CPU.ActiveCfg = Debug|Any CPU
		{007CBE1F-37D3-49EB-B7CD-DB6EA8368A62}.Debug|Any CPU.Build.0 = Debug|Any CPU
		{007CBE1F-37D3-49EB-B7CD-DB6EA8368A62}.Release|Any CPU.ActiveCfg = Release|Any CPU
		{007CBE1F-37D3-49EB-B7CD-DB6EA8368A62}.Release|Any CPU.Build.0 = Release|Any CPU
	EndGlobalSection
	GlobalSection(SolutionProperties) = preSolution
		HideSolutionNode = FALSE
	EndGlobalSection
	GlobalSection(ExtensibilityGlobals) = postSolution
		SolutionGuid = {059A9D24-F87E-4948-B88C-329102F57CB3}
	EndGlobalSection
EndGlobal
